<Solution>
  <Project Path="NERA.Runtime.csproj" />
  <Project Path="Unity.AI.Navigation.Samples.csproj" />
  <Project Path="Assembly-CSharp.csproj" />
  <Project Path="Assembly-CSharp-Editor.csproj" />
  <Project Path="NERA.PlayModeTests.csproj" />
  <Project Path="NERA.EditModeTests.csproj" />
  <Project Path="Unity.AI.Navigation.Samples.Initialization.Editor.csproj" />
</Solution>
